// !$*UTF8*$!
{
	archiveVersion = 1;
	classes = {
	};
	objectVersion = 77;
	objects = {

/* Begin PBXBuildFile section */
		52E7D25F2ED5D254007ED7C0 /* libX11.6.dylib in Frameworks */ = {isa = PBXBuildFile; fileRef = 52E7D25E2ED5D254007ED7C0 /* libX11.6.dylib */; };
		52E7D2602ED5D254007ED7C0 /* libX11.6.dylib in Embed Libraries */ = {isa = PBXBuildFile; fileRef = 52E7D25E2ED5D254007ED7C0 /* libX11.6.dylib */; settings = {ATTRIBUTES = (CodeSignOnCopy, ); }; };
/* End PBXBuildFile section */

/* Begin PBXCopyFilesBuildPhase section */
		52E7D2512ED5D14C007ED7C0 /* CopyFiles */ = {
			isa = PBXCopyFilesBuildPhase;
			buildActionMask = 2147483647;
			dstPath = /usr/share/man/man1/;
			dstSubfolderSpec = 0;
			files = (
			);
			runOnlyForDeploymentPostprocessing = 1;
		};
		52E7D2612ED5D254007ED7C0 /* Embed Libraries */ = {
			isa = PBXCopyFilesBuildPhase;
			buildActionMask = 2147483647;
			dstPath = "";
			dstSubfolderSpec = 10;
			files = (
				52E7D2602ED5D254007ED7C0 /* libX11.6.dylib in Embed Libraries */,
			);
			name = "Embed Libraries";
			runOnlyForDeploymentPostprocessing = 0;
		};
/* End PBXCopyFilesBuildPhase section */

/* Begin PBXFileReference section */
		522248222EDC554C00967640 /* icosahedron.obj */ = {isa = PBXFileReference; lastKnownFileType = text; path = icosahedron.obj; sourceTree = "<group>"; };
		522248242EDC55BF00967640 /* one.animation */ = {isa = PBXFileReference; lastKnownFileType = text; path = one.animation; sourceTree = "<group>"; };
		522248252EDD445F00967640 /* two.animation */ = {isa = PBXFileReference; lastKnownFileType = text; path = two.animation; sourceTree = "<group>"; };
		522248262EDD4C9F00967640 /* three.animation */ = {isa = PBXFileReference; lastKnownFileType = text; path = three.animation; sourceTree = "<group>"; };
		522248272EDE436800967640 /* four.animation */ = {isa = PBXFileReference; lastKnownFileType = text; path = four.animation; sourceTree = "<group>"; };
		5222482A2EE25F7400967640 /* info.plist */ = {isa = PBXFileReference; lastKnownFileType = text.plist.xml; path = info.plist; sourceTree = "<group>"; };
		5222482C2EE2615B00967640 /* Icon.icns */ = {isa = PBXFileReference; lastKnownFileType = image.icns; path = Icon.icns; sourceTree = "<group>"; };
		5291F65D2EE7D1BF00C61D8A /* cube.obj */ = {isa = PBXFileReference; lastKnownFileType = text; path = cube.obj; sourceTree = "<group>"; };
		5291F65E2EE7D1BF00C61D8A /* four.obj */ = {isa = PBXFileReference; lastKnownFileType = text; path = four.obj; sourceTree = "<group>"; };
		5291F6602EE7D1BF00C61D8A /* ico2.obj */ = {isa = PBXFileReference; lastKnownFileType = text; path = ico2.obj; sourceTree = "<group>"; };
		5291F6622EE7D1BF00C61D8A /* monk.obj */ = {isa = PBXFileReference; lastKnownFileType = text; path = monk.obj; sourceTree = "<group>"; };
		5291F6632EE7D1BF00C61D8A /* Multi.obj */ = {isa = PBXFileReference; lastKnownFileType = text; path = Multi.obj; sourceTree = "<group>"; };
		5291F6642EE831F600C61D8A /* quadulti.obj */ = {isa = PBXFileReference; lastKnownFileType = text; path = quadulti.obj; sourceTree = "<group>"; };
		52933DFE2EE46BED00CB489A /* five.animation */ = {isa = PBXFileReference; lastKnownFileType = text; path = five.animation; sourceTree = "<group>"; };
		52933DFF2EE5FC2700CB489A /* two.obj */ = {isa = PBXFileReference; lastKnownFileType = text; path = two.obj; sourceTree = "<group>"; };
		52E7D2492ED5CF0A007ED7C0 /* Makefile */ = {isa = PBXFileReference; lastKnownFileType = sourcecode.make; path = Makefile; sourceTree = "<group>"; };
		52E7D2532ED5D14C007ED7C0 /* lampProg */ = {isa = PBXFileReference; explicitFileType = "compiled.mach-o.executable"; includeInIndex = 0; path = lampProg; sourceTree = BUILT_PRODUCTS_DIR; };
		52E7D25E2ED5D254007ED7C0 /* libX11.6.dylib */ = {isa = PBXFileReference; lastKnownFileType = "compiled.mach-o.dylib"; name = libX11.6.dylib; path = ../../../../../opt/X11/lib/libX11.6.dylib; sourceTree = "<group>"; };
/* End PBXFileReference section */

/* Begin PBXFileSystemSynchronizedBuildFileExceptionSet section */
		52E7D25C2ED5D19D007ED7C0 /* Exceptions for "src" folder in "lampProg" target */ = {
			isa = PBXFileSystemSynchronizedBuildFileExceptionSet;
			membershipExceptions = (
				lampProgrammer.c,
				main.c,
				Math.c,
				OBJLoader.c,
				RenderEngine.c,
				X11.c,
			);
			target = 52E7D2522ED5D14C007ED7C0 /* lampProg */;
		};
/* End PBXFileSystemSynchronizedBuildFileExceptionSet section */

/* Begin PBXFileSystemSynchronizedRootGroup section */
		52E7D24D2ED5D02D007ED7C0 /* src */ = {
			isa = PBXFileSystemSynchronizedRootGroup;
			exceptions = (
				52E7D25C2ED5D19D007ED7C0 /* Exceptions for "src" folder in "lampProg" target */,
			);
			path = src;
			sourceTree = "<group>";
		};
/* End PBXFileSystemSynchronizedRootGroup section */

/* Begin PBXFrameworksBuildPhase section */
		52E7D2502ED5D14C007ED7C0 /* Frameworks */ = {
			isa = PBXFrameworksBuildPhase;
			buildActionMask = 2147483647;
			files = (
				52E7D25F2ED5D254007ED7C0 /* libX11.6.dylib in Frameworks */,
			);
			runOnlyForDeploymentPostprocessing = 0;
		};
/* End PBXFrameworksBuildPhase section */

/* Begin PBXGroup section */
		522248232EDC554C00967640 /* Media */ = {
			isa = PBXGroup;
			children = (
				5291F6642EE831F600C61D8A /* quadulti.obj */,
				5291F65D2EE7D1BF00C61D8A /* cube.obj */,
				5291F65E2EE7D1BF00C61D8A /* four.obj */,
				5291F6602EE7D1BF00C61D8A /* ico2.obj */,
				5291F6622EE7D1BF00C61D8A /* monk.obj */,
				5291F6632EE7D1BF00C61D8A /* Multi.obj */,
				52933DFF2EE5FC2700CB489A /* two.obj */,
				522248222EDC554C00967640 /* icosahedron.obj */,
				522248242EDC55BF00967640 /* one.animation */,
				522248252EDD445F00967640 /* two.animation */,
				522248262EDD4C9F00967640 /* three.animation */,
				52933DFE2EE46BED00CB489A /* five.animation */,
				522248272EDE436800967640 /* four.animation */,
			);
			path = Media;
			sourceTree = "<group>";
		};
		522248282EE25F2800967640 /* app */ = {
			isa = PBXGroup;
			children = (
				5222482C2EE2615B00967640 /* Icon.icns */,
				5222482A2EE25F7400967640 /* info.plist */,
			);
			path = app;
			sourceTree = "<group>";
		};
		52E7D23E2ED5CEF1007ED7C0 = {
			isa = PBXGroup;
			children = (
				52E7D2492ED5CF0A007ED7C0 /* Makefile */,
				522248282EE25F2800967640 /* app */,
				522248232EDC554C00967640 /* Media */,
				52E7D24D2ED5D02D007ED7C0 /* src */,
				52E7D25D2ED5D254007ED7C0 /* Frameworks */,
				52E7D2542ED5D14C007ED7C0 /* Products */,
			);
			sourceTree = "<group>";
		};
		52E7D2542ED5D14C007ED7C0 /* Products */ = {
			isa = PBXGroup;
			children = (
				52E7D2532ED5D14C007ED7C0 /* lampProg */,
			);
			name = Products;
			sourceTree = "<group>";
		};
		52E7D25D2ED5D254007ED7C0 /* Frameworks */ = {
			isa = PBXGroup;
			children = (
				52E7D25E2ED5D254007ED7C0 /* libX11.6.dylib */,
			);
			name = Frameworks;
			sourceTree = "<group>";
		};
/* End PBXGroup section */

/* Begin PBXLegacyTarget section */
		52E7D2432ED5CEF1007ED7C0 /* lampProgrammer */ = {
			isa = PBXLegacyTarget;
			buildArgumentsString = "$(ACTION)";
			buildConfigurationList = 52E7D2462ED5CEF1007ED7C0 /* Build configuration list for PBXLegacyTarget "lampProgrammer" */;
			buildPhases = (
			);
			buildToolPath = /usr/bin/make;
			buildWorkingDirectory = /Users/syro/Desktop/xcode/lampProgrammer;
			dependencies = (
			);
			name = lampProgrammer;
			packageProductDependencies = (
			);
			passBuildSettingsInEnvironment = 1;
			productName = lampProgrammer;
		};
/* End PBXLegacyTarget section */

/* Begin PBXNativeTarget section */
		52E7D2522ED5D14C007ED7C0 /* lampProg */ = {
			isa = PBXNativeTarget;
			buildConfigurationList = 52E7D2582ED5D14C007ED7C0 /* Build configuration list for PBXNativeTarget "lampProg" */;
			buildPhases = (
				52E7D24F2ED5D14C007ED7C0 /* Sources */,
				52E7D2502ED5D14C007ED7C0 /* Frameworks */,
				52E7D2512ED5D14C007ED7C0 /* CopyFiles */,
				52E7D2612ED5D254007ED7C0 /* Embed Libraries */,
			);
			buildRules = (
			);
			dependencies = (
			);
			name = lampProg;
			packageProductDependencies = (
			);
			productName = lampProg;
			productReference = 52E7D2532ED5D14C007ED7C0 /* lampProg */;
			productType = "com.apple.product-type.tool";
		};
/* End PBXNativeTarget section */

/* Begin PBXProject section */
		52E7D23F2ED5CEF1007ED7C0 /* Project object */ = {
			isa = PBXProject;
			attributes = {
				BuildIndependentTargetsInParallel = 1;
				LastUpgradeCheck = 1600;
				TargetAttributes = {
					52E7D2432ED5CEF1007ED7C0 = {
						CreatedOnToolsVersion = 16.0;
					};
					52E7D2522ED5D14C007ED7C0 = {
						CreatedOnToolsVersion = 16.0;
					};
				};
			};
			buildConfigurationList = 52E7D2422ED5CEF1007ED7C0 /* Build configuration list for PBXProject "lampProgrammer" */;
			developmentRegion = en;
			hasScannedForEncodings = 0;
			knownRegions = (
				en,
				Base,
			);
			mainGroup = 52E7D23E2ED5CEF1007ED7C0;
			minimizedProjectReferenceProxies = 1;
			preferredProjectObjectVersion = 77;
			productRefGroup = 52E7D2542ED5D14C007ED7C0 /* Products */;
			projectDirPath = "";
			projectRoot = "";
			targets = (
				52E7D2432ED5CEF1007ED7C0 /* lampProgrammer */,
				52E7D2522ED5D14C007ED7C0 /* lampProg */,
			);
		};
/* End PBXProject section */

/* Begin PBXSourcesBuildPhase section */
		52E7D24F2ED5D14C007ED7C0 /* Sources */ = {
			isa = PBXSourcesBuildPhase;
			buildActionMask = 2147483647;
			files = (
			);
			runOnlyForDeploymentPostprocessing = 0;
		};
/* End PBXSourcesBuildPhase section */

/* Begin XCBuildConfiguration section */
		52E7D2442ED5CEF1007ED7C0 /* Debug */ = {
			isa = XCBuildConfiguration;
			buildSettings = {
				ALWAYS_SEARCH_USER_PATHS = NO;
				ASSETCATALOG_COMPILER_GENERATE_SWIFT_ASSET_SYMBOL_EXTENSIONS = YES;
				CLANG_ANALYZER_NONNULL = YES;
				CLANG_ANALYZER_NUMBER_OBJECT_CONVERSION = YES_AGGRESSIVE;
				CLANG_CXX_LANGUAGE_STANDARD = "gnu++20";
				CLANG_ENABLE_MODULES = YES;
				CLANG_ENABLE_OBJC_ARC = YES;
				CLANG_ENABLE_OBJC_WEAK = YES;
				CLANG_WARN_BLOCK_CAPTURE_AUTORELEASING = YES;
				CLANG_WARN_BOOL_CONVERSION = YES;
				CLANG_WARN_COMMA = YES;
				CLANG_WARN_CONSTANT_CONVERSION = YES;
				CLANG_WARN_DEPRECATED_OBJC_IMPLEMENTATIONS = YES;
				CLANG_WARN_DIRECT_OBJC_ISA_USAGE = YES_ERROR;
				CLANG_WARN_DOCUMENTATION_COMMENTS = YES;
				CLANG_WARN_EMPTY_BODY = YES;
				CLANG_WARN_ENUM_CONVERSION = YES;
				CLANG_WARN_INFINITE_RECURSION = YES;
				CLANG_WARN_INT_CONVERSION = YES;
				CLANG_WARN_NON_LITERAL_NULL_CONVERSION = YES;
				CLANG_WARN_OBJC_IMPLICIT_RETAIN_SELF = YES;
				CLANG_WARN_OBJC_LITERAL_CONVERSION = YES;
				CLANG_WARN_OBJC_ROOT_CLASS = YES_ERROR;
				CLANG_WARN_QUOTED_INCLUDE_IN_FRAMEWORK_HEADER = YES;
				CLANG_WARN_RANGE_LOOP_ANALYSIS = YES;
				CLANG_WARN_STRICT_PROTOTYPES = YES;
				CLANG_WARN_SUSPICIOUS_MOVE = YES;
				CLANG_WARN_UNGUARDED_AVAILABILITY = YES_AGGRESSIVE;
				CLANG_WARN_UNREACHABLE_CODE = YES;
				CLANG_WARN__DUPLICATE_METHOD_MATCH = YES;
				COPY_PHASE_STRIP = NO;
				DEBUG_INFORMATION_FORMAT = dwarf;
				ENABLE_STRICT_OBJC_MSGSEND = YES;
				ENABLE_TESTABILITY = YES;
				ENABLE_USER_SCRIPT_SANDBOXING = YES;
				GCC_C_LANGUAGE_STANDARD = gnu17;
				GCC_DYNAMIC_NO_PIC = NO;
				GCC_NO_COMMON_BLOCKS = YES;
				GCC_OPTIMIZATION_LEVEL = 0;
				GCC_PREPROCESSOR_DEFINITIONS = (
					"DEBUG=1",
					"$(inherited)",
				);
				GCC_WARN_64_TO_32_BIT_CONVERSION = YES;
				GCC_WARN_ABOUT_RETURN_TYPE = YES_ERROR;
				GCC_WARN_UNDECLARED_SELECTOR = YES;
				GCC_WARN_UNINITIALIZED_AUTOS = YES_AGGRESSIVE;
				GCC_WARN_UNUSED_FUNCTION = YES;
				GCC_WARN_UNUSED_VARIABLE = YES;
				LOCALIZATION_PREFERS_STRING_CATALOGS = YES;
				MTL_ENABLE_DEBUG_INFO = INCLUDE_SOURCE;
				MTL_FAST_MATH = YES;
				ONLY_ACTIVE_ARCH = YES;
			};
			name = Debug;
		};
		52E7D2452ED5CEF1007ED7C0 /* Release */ = {
			isa = XCBuildConfiguration;
			buildSettings = {
				ALWAYS_SEARCH_USER_PATHS = NO;
				ASSETCATALOG_COMPILER_GENERATE_SWIFT_ASSET_SYMBOL_EXTENSIONS = YES;
				CLANG_ANALYZER_NONNULL = YES;
				CLANG_ANALYZER_NUMBER_OBJECT_CONVERSION = YES_AGGRESSIVE;
				CLANG_CXX_LANGUAGE_STANDARD = "gnu++20";
				CLANG_ENABLE_MODULES = YES;
				CLANG_ENABLE_OBJC_ARC = YES;
				CLANG_ENABLE_OBJC_WEAK = YES;
				CLANG_WARN_BLOCK_CAPTURE_AUTORELEASING = YES;
				CLANG_WARN_BOOL_CONVERSION = YES;
				CLANG_WARN_COMMA = YES;
				CLANG_WARN_CONSTANT_CONVERSION = YES;
				CLANG_WARN_DEPRECATED_OBJC_IMPLEMENTATIONS = YES;
				CLANG_WARN_DIRECT_OBJC_ISA_USAGE = YES_ERROR;
				CLANG_WARN_DOCUMENTATION_COMMENTS = YES;
				CLANG_WARN_EMPTY_BODY = YES;
				CLANG_WARN_ENUM_CONVERSION = YES;
				CLANG_WARN_INFINITE_RECURSION = YES;
				CLANG_WARN_INT_CONVERSION = YES;
				CLANG_WARN_NON_LITERAL_NULL_CONVERSION = YES;
				CLANG_WARN_OBJC_IMPLICIT_RETAIN_SELF = YES;
				CLANG_WARN_OBJC_LITERAL_CONVERSION = YES;
				CLANG_WARN_OBJC_ROOT_CLASS = YES_ERROR;
				CLANG_WARN_QUOTED_INCLUDE_IN_FRAMEWORK_HEADER = YES;
				CLANG_WARN_RANGE_LOOP_ANALYSIS = YES;
				CLANG_WARN_STRICT_PROTOTYPES = YES;
				CLANG_WARN_SUSPICIOUS_MOVE = YES;
				CLANG_WARN_UNGUARDED_AVAILABILITY = YES_AGGRESSIVE;
				CLANG_WARN_UNREACHABLE_CODE = YES;
				CLANG_WARN__DUPLICATE_METHOD_MATCH = YES;
				COPY_PHASE_STRIP = NO;
				DEBUG_INFORMATION_FORMAT = "dwarf-with-dsym";
				ENABLE_NS_ASSERTIONS = NO;
				ENABLE_STRICT_OBJC_MSGSEND = YES;
				ENABLE_USER_SCRIPT_SANDBOXING = YES;
				GCC_C_LANGUAGE_STANDARD = gnu17;
				GCC_NO_COMMON_BLOCKS = YES;
				GCC_WARN_64_TO_32_BIT_CONVERSION = YES;
				GCC_WARN_ABOUT_RETURN_TYPE = YES_ERROR;
				GCC_WARN_UNDECLARED_SELECTOR = YES;
				GCC_WARN_UNINITIALIZED_AUTOS = YES_AGGRESSIVE;
				GCC_WARN_UNUSED_FUNCTION = YES;
				GCC_WARN_UNUSED_VARIABLE = YES;
				LOCALIZATION_PREFERS_STRING_CATALOGS = YES;
				MTL_ENABLE_DEBUG_INFO = NO;
				MTL_FAST_MATH = YES;
			};
			name = Release;
		};
		52E7D2472ED5CEF1007ED7C0 /* Debug */ = {
			isa = XCBuildConfiguration;
			buildSettings = {
				CODE_SIGN_STYLE = Automatic;
				DEBUGGING_SYMBOLS = YES;
				DEBUG_INFORMATION_FORMAT = dwarf;
				GCC_GENERATE_DEBUGGING_SYMBOLS = YES;
				GCC_OPTIMIZATION_LEVEL = 0;
				OTHER_CFLAGS = "";
				OTHER_LDFLAGS = "";
				PRODUCT_NAME = "$(TARGET_NAME)";
			};
			name = Debug;
		};
		52E7D2482ED5CEF1007ED7C0 /* Release */ = {
			isa = XCBuildConfiguration;
			buildSettings = {
				CODE_SIGN_STYLE = Automatic;
				DEBUG_INFORMATION_FORMAT = "dwarf-with-dsym";
				OTHER_CFLAGS = "";
				OTHER_LDFLAGS = "";
				PRODUCT_NAME = "$(TARGET_NAME)";
			};
			name = Release;
		};
		52E7D2592ED5D14C007ED7C0 /* Debug */ = {
			isa = XCBuildConfiguration;
			buildSettings = {
				CODE_SIGN_STYLE = Automatic;
				HEADER_SEARCH_PATHS = /opt/X11/include;
				LIBRARY_SEARCH_PATHS = /opt/X11/lib;
				MACOSX_DEPLOYMENT_TARGET = 15.0;
				PRODUCT_NAME = "$(TARGET_NAME)";
				SDKROOT = macosx;
			};
			name = Debug;
		};
		52E7D25A2ED5D14C007ED7C0 /* Release */ = {
			isa = XCBuildConfiguration;
			buildSettings = {
				CODE_SIGN_STYLE = Automatic;
				HEADER_SEARCH_PATHS = /opt/X11/include;
				LIBRARY_SEARCH_PATHS = /opt/X11/lib;
				MACOSX_DEPLOYMENT_TARGET = 15.0;
				PRODUCT_NAME = "$(TARGET_NAME)";
				SDKROOT = macosx;
			};
			name = Release;
		};
/* End XCBuildConfiguration section */

/* Begin XCConfigurationList section */
		52E7D2422ED5CEF1007ED7C0 /* Build configuration list for PBXProject "lampProgrammer" */ = {
			isa = XCConfigurationList;
			buildConfigurations = (
				52E7D2442ED5CEF1007ED7C0 /* Debug */,
				52E7D2452ED5CEF1007ED7C0 /* Release */,
			);
			defaultConfigurationIsVisible = 0;
			defaultConfigurationName = Release;
		};
		52E7D2462ED5CEF1007ED7C0 /* Build configuration list for PBXLegacyTarget "lampProgrammer" */ = {
			isa = XCConfigurationList;
			buildConfigurations = (
				52E7D2472ED5CEF1007ED7C0 /* Debug */,
				52E7D2482ED5CEF1007ED7C0 /* Release */,
			);
			defaultConfigurationIsVisible = 0;
			defaultConfigurationName = Release;
		};
		52E7D2582ED5D14C007ED7C0 /* Build configuration list for PBXNativeTarget "lampProg" */ = {
			isa = XCConfigurationList;
			buildConfigurations = (
				52E7D2592ED5D14C007ED7C0 /* Debug */,
				52E7D25A2ED5D14C007ED7C0 /* Release */,
			);
			defaultConfigurationIsVisible = 0;
			defaultConfigurationName = Release;
		};
/* End XCConfigurationList section */
	};
	rootObject = 52E7D23F2ED5CEF1007ED7C0 /* Project object */;
}
